
Microsoft Visual Studio Solution File, Format Version 12.00
# Visual Studio Version 17
VisualStudioVersion = 17.7.34018.315
MinimumVisualStudioVersion = 10.0.40219.1
Project("{FAE04EC0-301F-11D3-BF4B-00C04F79EFBC}") = "CSharpDemo", "CSharpDemo\CSharpDemo.csproj", "{BD5C9A8D-2A9D-4C71-AB71-E3BA001987DE}"
EndProject
Global
	GlobalSection(SolutionConfigurationPlatforms) = preSolution
		Debug|Any CPU = Debug|Any CPU
		Release|Any CPU = Release|Any CPU
	EndGlobalSection
	GlobalSection(ProjectConfigurationPlatforms) = postSolution
		{BD5C9A8D-2A9D-4C71-AB71-E3BA001987DE}.Debug|Any CPU.ActiveCfg = Debug|Any CPU
		{BD5C9A8D-2A9D-4C71-AB71-E3BA001987DE}.Debug|Any CPU.Build.0 = Debug|Any CPU
		{BD5C9A8D-2A9D-4C71-AB71-E3BA001987DE}.Release|Any CPU.ActiveCfg = Release|Any CPU
		{BD5C9A8D-2A9D-4C71-AB71-E3BA001987DE}.Release|Any CPU.Build.0 = Release|Any CPU
	EndGlobalSection
	GlobalSection(SolutionProperties) = preSolution
		HideSolutionNode = FALSE
	EndGlobalSection
	GlobalSection(ExtensibilityGlobals) = postSolution
		SolutionGuid = {389EABDE-FD67-41BB-A178-53BB7B203352}
	EndGlobalSection
EndGlobal
